
Microsoft Visual Studio Solution File, Format Version 12.00
# Visual Studio 14
VisualStudioVersion = 14.0.25123.0
MinimumVisualStudioVersion = 10.0.40219.1
Project("{FAE04EC0-301F-11D3-BF4B-00C04F79EFBC}") = "GPP_Application_HL", "GPP_Application_HL\GPP_Application_HL.csproj", "{0837A757-D9B8-46C4-BC01-239B9423C136}"
EndProject
Project("{FAE04EC0-301F-11D3-BF4B-00C04F79EFBC}") = "GPP_DungChung_HL", "GPP_DungChung_HL\GPP_DungChung_HL.csproj", "{CD90F69F-A7AB-4355-8090-800DFC8CA6FF}"
EndProject
Project("{FAE04EC0-301F-11D3-BF4B-00C04F79EFBC}") = "GPP_DATA", "GPP_DATA\GPP_DATA.csproj", "{C169CDB9-1CEE-44FA-8240-334593A68034}"
EndProject
Project("{FAE04EC0-301F-11D3-BF4B-00C04F79EFBC}") = "DAL_GPP", "DAL_GPP\DAL_GPP.csproj", "{E5775802-681D-4E75-9F32-9E34ACDE37B0}"
EndProject
Project("{FAE04EC0-301F-11D3-BF4B-00C04F79EFBC}") = "BLL_GPP", "BLL_GPP\BLL_GPP.csproj", "{382393F7-AF82-4787-9EFE-2F6467721829}"
EndProject
Project("{FAE04EC0-301F-11D3-BF4B-00C04F79EFBC}") = "BLL_HeThong", "BLL_HeThong\BLL_HeThong.csproj", "{9255CD40-D11A-4BF4-A408-01576ED72447}"
EndProject
Global
	GlobalSection(SolutionConfigurationPlatforms) = preSolution
		Debug|Any CPU = Debug|Any CPU
		Debug|x64 = Debug|x64
		Debug|x86 = Debug|x86
		Release|Any CPU = Release|Any CPU
		Release|x64 = Release|x64
		Release|x86 = Release|x86
	EndGlobalSection
	GlobalSection(ProjectConfigurationPlatforms) = postSolution
		{0837A757-D9B8-46C4-BC01-239B9423C136}.Debug|Any CPU.ActiveCfg = Debug|Any CPU
		{0837A757-D9B8-46C4-BC01-239B9423C136}.Debug|Any CPU.Build.0 = Debug|Any CPU
		{0837A757-D9B8-46C4-BC01-239B9423C136}.Debug|x64.ActiveCfg = Debug|Any CPU
		{0837A757-D9B8-46C4-BC01-239B9423C136}.Debug|x64.Build.0 = Debug|Any CPU
		{0837A757-D9B8-46C4-BC01-239B9423C136}.Debug|x86.ActiveCfg = Debug|Any CPU
		{0837A757-D9B8-46C4-BC01-239B9423C136}.Debug|x86.Build.0 = Debug|Any CPU
		{0837A757-D9B8-46C4-BC01-239B9423C136}.Release|Any CPU.ActiveCfg = Release|Any CPU
		{0837A757-D9B8-46C4-BC01-239B9423C136}.Release|Any CPU.Build.0 = Release|Any CPU
		{0837A757-D9B8-46C4-BC01-239B9423C136}.Release|x64.ActiveCfg = Release|Any CPU
		{0837A757-D9B8-46C4-BC01-239B9423C136}.Release|x64.Build.0 = Release|Any CPU
		{0837A757-D9B8-46C4-BC01-239B9423C136}.Release|x86.ActiveCfg = Release|Any CPU
		{0837A757-D9B8-46C4-BC01-239B9423C136}.Release|x86.Build.0 = Release|Any CPU
		{CD90F69F-A7AB-4355-8090-800DFC8CA6FF}.Debug|Any CPU.ActiveCfg = Debug|Any CPU
		{CD90F69F-A7AB-4355-8090-800DFC8CA6FF}.Debug|Any CPU.Build.0 = Debug|Any CPU
		{CD90F69F-A7AB-4355-8090-800DFC8CA6FF}.Debug|x64.ActiveCfg = Debug|Any CPU
		{CD90F69F-A7AB-4355-8090-800DFC8CA6FF}.Debug|x64.Build.0 = Debug|Any CPU
		{CD90F69F-A7AB-4355-8090-800DFC8CA6FF}.Debug|x86.ActiveCfg = Debug|Any CPU
		{CD90F69F-A7AB-4355-8090-800DFC8CA6FF}.Debug|x86.Build.0 = Debug|Any CPU
		{CD90F69F-A7AB-4355-8090-800DFC8CA6FF}.Release|Any CPU.ActiveCfg = Release|Any CPU
		{CD90F69F-A7AB-4355-8090-800DFC8CA6FF}.Release|Any CPU.Build.0 = Release|Any CPU
		{CD90F69F-A7AB-4355-8090-800DFC8CA6FF}.Release|x64.ActiveCfg = Release|Any CPU
		{CD90F69F-A7AB-4355-8090-800DFC8CA6FF}.Release|x64.Build.0 = Release|Any CPU
		{CD90F69F-A7AB-4355-8090-800DFC8CA6FF}.Release|x86.ActiveCfg = Release|Any CPU
		{CD90F69F-A7AB-4355-8090-800DFC8CA6FF}.Release|x86.Build.0 = Release|Any CPU
		{C169CDB9-1CEE-44FA-8240-334593A68034}.Debug|Any CPU.ActiveCfg = Debug|Any CPU
		{C169CDB9-1CEE-44FA-8240-334593A68034}.Debug|Any CPU.Build.0 = Debug|Any CPU
		{C169CDB9-1CEE-44FA-8240-334593A68034}.Debug|x64.ActiveCfg = Debug|Any CPU
		{C169CDB9-1CEE-44FA-8240-334593A68034}.Debug|x64.Build.0 = Debug|Any CPU
		{C169CDB9-1CEE-44FA-8240-334593A68034}.Debug|x86.ActiveCfg = Debug|Any CPU
		{C169CDB9-1CEE-44FA-8240-334593A68034}.Debug|x86.Build.0 = Debug|Any CPU
		{C169CDB9-1CEE-44FA-8240-334593A68034}.Release|Any CPU.ActiveCfg = Release|Any CPU
		{C169CDB9-1CEE-44FA-8240-334593A68034}.Release|Any CPU.Build.0 = Release|Any CPU
		{C169CDB9-1CEE-44FA-8240-334593A68034}.Release|x64.ActiveCfg = Release|Any CPU
		{C169CDB9-1CEE-44FA-8240-334593A68034}.Release|x64.Build.0 = Release|Any CPU
		{C169CDB9-1CEE-44FA-8240-334593A68034}.Release|x86.ActiveCfg = Release|Any CPU
		{C169CDB9-1CEE-44FA-8240-334593A68034}.Release|x86.Build.0 = Release|Any CPU
		{E5775802-681D-4E75-9F32-9E34ACDE37B0}.Debug|Any CPU.ActiveCfg = Debug|Any CPU
		{E5775802-681D-4E75-9F32-9E34ACDE37B0}.Debug|Any CPU.Build.0 = Debug|Any CPU
		{E5775802-681D-4E75-9F32-9E34ACDE37B0}.Debug|x64.ActiveCfg = Debug|Any CPU
		{E5775802-681D-4E75-9F32-9E34ACDE37B0}.Debug|x64.Build.0 = Debug|Any CPU
		{E5775802-681D-4E75-9F32-9E34ACDE37B0}.Debug|x86.ActiveCfg = Debug|Any CPU
		{E5775802-681D-4E75-9F32-9E34ACDE37B0}.Debug|x86.Build.0 = Debug|Any CPU
		{E5775802-681D-4E75-9F32-9E34ACDE37B0}.Release|Any CPU.ActiveCfg = Release|Any CPU
		{E5775802-681D-4E75-9F32-9E34ACDE37B0}.Release|Any CPU.Build.0 = Release|Any CPU
		{E5775802-681D-4E75-9F32-9E34ACDE37B0}.Release|x64.ActiveCfg = Release|Any CPU
		{E5775802-681D-4E75-9F32-9E34ACDE37B0}.Release|x64.Build.0 = Release|Any CPU
		{E5775802-681D-4E75-9F32-9E34ACDE37B0}.Release|x86.ActiveCfg = Release|Any CPU
		{E5775802-681D-4E75-9F32-9E34ACDE37B0}.Release|x86.Build.0 = Release|Any CPU
		{382393F7-AF82-4787-9EFE-2F6467721829}.Debug|Any CPU.ActiveCfg = Debug|Any CPU
		{382393F7-AF82-4787-9EFE-2F6467721829}.Debug|Any CPU.Build.0 = Debug|Any CPU
		{382393F7-AF82-4787-9EFE-2F6467721829}.Debug|x64.ActiveCfg = Debug|Any CPU
		{382393F7-AF82-4787-9EFE-2F6467721829}.Debug|x64.Build.0 = Debug|Any CPU
		{382393F7-AF82-4787-9EFE-2F6467721829}.Debug|x86.ActiveCfg = Debug|Any CPU
		{382393F7-AF82-4787-9EFE-2F6467721829}.Debug|x86.Build.0 = Debug|Any CPU
		{382393F7-AF82-4787-9EFE-2F6467721829}.Release|Any CPU.ActiveCfg = Release|Any CPU
		{382393F7-AF82-4787-9EFE-2F6467721829}.Release|Any CPU.Build.0 = Release|Any CPU
		{382393F7-AF82-4787-9EFE-2F6467721829}.Release|x64.ActiveCfg = Release|Any CPU
		{382393F7-AF82-4787-9EFE-2F6467721829}.Release|x64.Build.0 = Release|Any CPU
		{382393F7-AF82-4787-9EFE-2F6467721829}.Release|x86.ActiveCfg = Release|Any CPU
		{382393F7-AF82-4787-9EFE-2F6467721829}.Release|x86.Build.0 = Release|Any CPU
		{9255CD40-D11A-4BF4-A408-01576ED72447}.Debug|Any CPU.ActiveCfg = Debug|Any CPU
		{9255CD40-D11A-4BF4-A408-01576ED72447}.Debug|Any CPU.Build.0 = Debug|Any CPU
		{9255CD40-D11A-4BF4-A408-01576ED72447}.Debug|x64.ActiveCfg = Debug|Any CPU
		{9255CD40-D11A-4BF4-A408-01576ED72447}.Debug|x64.Build.0 = Debug|Any CPU
		{9255CD40-D11A-4BF4-A408-01576ED72447}.Debug|x86.ActiveCfg = Debug|Any CPU
		{9255CD40-D11A-4BF4-A408-01576ED72447}.Debug|x86.Build.0 = Debug|Any CPU
		{9255CD40-D11A-4BF4-A408-01576ED72447}.Release|Any CPU.ActiveCfg = Release|Any CPU
		{9255CD40-D11A-4BF4-A408-01576ED72447}.Release|Any CPU.Build.0 = Release|Any CPU
		{9255CD40-D11A-4BF4-A408-01576ED72447}.Release|x64.ActiveCfg = Release|Any CPU
		{9255CD40-D11A-4BF4-A408-01576ED72447}.Release|x64.Build.0 = Release|Any CPU
		{9255CD40-D11A-4BF4-A408-01576ED72447}.Release|x86.ActiveCfg = Release|Any CPU
		{9255CD40-D11A-4BF4-A408-01576ED72447}.Release|x86.Build.0 = Release|Any CPU
	EndGlobalSection
	GlobalSection(SolutionProperties) = preSolution
		HideSolutionNode = FALSE
	EndGlobalSection
EndGlobal
